{
    "_readme": [
        "This file locks the dependencies of your project to a known state",
        "Read more about it at https://getcomposer.org/doc/01-basic-usage.md#installing-dependencies",
        "This file is @generated automatically"
    ],
    "content-hash": "b1611fd064f6072e77c87d1be750aea6",
    "packages": [
        {
            "name": "retargeting/retargeting-sdk",
            "version": "dev-master",
            "source": {
                "type": "git",
                "url": "https://github.com/retargeting/php-sdk.git",
                "reference": "747a81ea4f1618df94c5292e731e901ac7d63089"
            },
            "dist": {
                "type": "zip",
                "url": "https://api.github.com/repos/retargeting/php-sdk/zipball/747a81ea4f1618df94c5292e731e901ac7d63089",
                "reference": "747a81ea4f1618df94c5292e731e901ac7d63089",
                "shasum": ""
            },
            "require": {
                "ext-json": "*",
                "ext-openssl": "*",
                "php": ">=5.6.0"
            },
            "require-dev": {
                "fzaninotto/faker": "^1.4",
                "mockery/mockery": "^1.0",
                "phpunit/phpunit": "8.0"
            },
            "type": "library",
            "autoload": {
                "psr-4": {
                    "RetargetingSDK\\": "lib"
                }
            },
            "notification-url": "https://packagist.org/downloads/",
            "authors": [
                {
                    "name": "Retargeting Team",
                    "email": "info@retargeting.biz"
                }
            ],
            "description": "Retargeting SDK",
            "time": "2019-04-15T15:35:59+00:00"
        }
    ],
    "packages-dev": [],
    "aliases": [],
    "minimum-stability": "stable",
    "stability-flags": {
        "retargeting/retargeting-sdk": 20
    },
    "prefer-stable": false,
    "prefer-lowest": false,
    "platform": [],
    "platform-dev": []
}
